
Microsoft Visual Studio Solution File, Format Version 12.00
# Visual Studio 15
VisualStudioVersion = 15.0.28010.2003
MinimumVisualStudioVersion = 10.0.40219.1
Project("{FAE04EC0-301F-11D3-BF4B-00C04F79EFBC}") = "FrameIO", "FrameIO.csproj", "{06B3609F-E8C7-465E-B6D1-5F27616BA4E6}"
EndProject
Project("{FAE04EC0-301F-11D3-BF4B-00C04F79EFBC}") = "FrameIOInterface", "..\FrameIOInterface\FrameIOInterface.csproj", "{22D3C366-AAB4-4FE2-9C69-3FEAB4DD751B}"
EndProject
Project("{7CF6DF6D-3B04-46F8-A40B-537D21BCA0B4}") = "FrameIOHelper", "..\FrameIOHelper\FrameIOHelper.shfbproj", "{5E56A0D6-2785-4276-A718-8DB42C14F8CD}"
EndProject
Project("{FAE04EC0-301F-11D3-BF4B-00C04F79EFBC}") = "FrameIODriver", "..\FrameIODriver\FrameIODriver.csproj", "{2692F73E-6A74-45C1-B668-BA2A502748F1}"
EndProject
Global
	GlobalSection(SolutionConfigurationPlatforms) = preSolution
		Debug|Any CPU = Debug|Any CPU
		Release|Any CPU = Release|Any CPU
	EndGlobalSection
	GlobalSection(ProjectConfigurationPlatforms) = postSolution
		{06B3609F-E8C7-465E-B6D1-5F27616BA4E6}.Debug|Any CPU.ActiveCfg = Debug|Any CPU
		{06B3609F-E8C7-465E-B6D1-5F27616BA4E6}.Debug|Any CPU.Build.0 = Debug|Any CPU
		{06B3609F-E8C7-465E-B6D1-5F27616BA4E6}.Release|Any CPU.ActiveCfg = Release|Any CPU
		{06B3609F-E8C7-465E-B6D1-5F27616BA4E6}.Release|Any CPU.Build.0 = Release|Any CPU
		{22D3C366-AAB4-4FE2-9C69-3FEAB4DD751B}.Debug|Any CPU.ActiveCfg = Debug|Any CPU
		{22D3C366-AAB4-4FE2-9C69-3FEAB4DD751B}.Debug|Any CPU.Build.0 = Debug|Any CPU
		{22D3C366-AAB4-4FE2-9C69-3FEAB4DD751B}.Release|Any CPU.ActiveCfg = Release|Any CPU
		{22D3C366-AAB4-4FE2-9C69-3FEAB4DD751B}.Release|Any CPU.Build.0 = Release|Any CPU
		{5E56A0D6-2785-4276-A718-8DB42C14F8CD}.Debug|Any CPU.ActiveCfg = Debug|Any CPU
		{5E56A0D6-2785-4276-A718-8DB42C14F8CD}.Debug|Any CPU.Build.0 = Debug|Any CPU
		{5E56A0D6-2785-4276-A718-8DB42C14F8CD}.Release|Any CPU.ActiveCfg = Release|Any CPU
		{5E56A0D6-2785-4276-A718-8DB42C14F8CD}.Release|Any CPU.Build.0 = Release|Any CPU
		{2692F73E-6A74-45C1-B668-BA2A502748F1}.Debug|Any CPU.ActiveCfg = Debug|Any CPU
		{2692F73E-6A74-45C1-B668-BA2A502748F1}.Debug|Any CPU.Build.0 = Debug|Any CPU
		{2692F73E-6A74-45C1-B668-BA2A502748F1}.Release|Any CPU.ActiveCfg = Release|Any CPU
		{2692F73E-6A74-45C1-B668-BA2A502748F1}.Release|Any CPU.Build.0 = Release|Any CPU
	EndGlobalSection
	GlobalSection(SolutionProperties) = preSolution
		HideSolutionNode = FALSE
	EndGlobalSection
	GlobalSection(ExtensibilityGlobals) = postSolution
		SolutionGuid = {31EDCD0D-AA16-44E9-A0F2-8DD72BCB009A}
	EndGlobalSection
EndGlobal
