
Microsoft Visual Studio Solution File, Format Version 12.00
# Visual Studio 15
VisualStudioVersion = 15.0.28010.2003
MinimumVisualStudioVersion = 10.0.40219.1
Project("{FAE04EC0-301F-11D3-BF4B-00C04F79EFBC}") = "FrameIO", "FrameIO.csproj", "{06B3609F-E8C7-465E-B6D1-5F27616BA4E6}"
EndProject
Project("{FAE04EC0-301F-11D3-BF4B-00C04F79EFBC}") = "FrameIOInterface", "..\FrameIOInterface\FrameIOInterface.csproj", "{22D3C366-AAB4-4FE2-9C69-3FEAB4DD751B}"
EndProject
Project("{7CF6DF6D-3B04-46F8-A40B-537D21BCA0B4}") = "FrameIOHelper", "..\FrameIOHelper\FrameIOHelper.shfbproj", "{5E56A0D6-2785-4276-A718-8DB42C14F8CD}"
EndProject
Project("{FAE04EC0-301F-11D3-BF4B-00C04F79EFBC}") = "FrameIOCodeTemplate", "..\FrameIOCodeTemplate\FrameIOCodeTemplate.csproj", "{29A111F1-28C8-420D-B366-A9FA93BFC365}"
EndProject
Project("{8BC9CEB8-8B4A-11D0-8D11-00A0C91BC942}") = "CRC", "..\CRC\CRC.vcxproj", "{999231AB-84D3-42F8-ACA5-BBD935E87084}"
EndProject
Project("{8BC9CEB8-8B4A-11D0-8D11-00A0C91BC942}") = "FrameIOParser", "..\FrameIOParser\FrameIOParser.vcxproj", "{8A5598D5-DF78-4945-AB2B-D08F9D41D31F}"
EndProject
Project("{FAE04EC0-301F-11D3-BF4B-00C04F79EFBC}") = "FrameIORuntime", "..\FrameIORuntime\FrameIORuntime.csproj", "{DF94EFC4-4A33-4C1D-B1D2-F27FF6F64309}"
EndProject
Project("{FAE04EC0-301F-11D3-BF4B-00C04F79EFBC}") = "FrameIOEditor", "FrameIOEditor\FrameIOEditor.csproj", "{CF8F4619-7685-4DEE-A5FD-D6A112D95C44}"
EndProject
Project("{FAE04EC0-301F-11D3-BF4B-00C04F79EFBC}") = "FrameIODemo", "..\FrameIODemo\FrameIODemo.csproj", "{4A51FCF9-0292-4279-87F2-10ADE884A076}"
EndProject
Project("{FAE04EC0-301F-11D3-BF4B-00C04F79EFBC}") = "FrameIOTester", "..\FrameIOTester\FrameIOTester.csproj", "{1B3CBFD2-D322-43C0-806C-3885A96ECB62}"
EndProject
Project("{FAE04EC0-301F-11D3-BF4B-00C04F79EFBC}") = "FrameIODriver", "..\FrameIODriver\FrameIODriver.csproj", "{DCCC8F67-9865-47D7-9DEB-EC2C2509A793}"
EndProject
Project("{FAE04EC0-301F-11D3-BF4B-00C04F79EFBC}") = "FrameIOUintTester", "..\FrameIOUintTester\FrameIOUintTester.csproj", "{04EDC4B0-E4F3-4EB8-B938-638CC0F75864}"
EndProject
Global
	GlobalSection(SolutionConfigurationPlatforms) = preSolution
		Debug|Any CPU = Debug|Any CPU
		Debug|x64 = Debug|x64
		Debug|x86 = Debug|x86
		Release|Any CPU = Release|Any CPU
		Release|x64 = Release|x64
		Release|x86 = Release|x86
	EndGlobalSection
	GlobalSection(ProjectConfigurationPlatforms) = postSolution
		{06B3609F-E8C7-465E-B6D1-5F27616BA4E6}.Debug|Any CPU.ActiveCfg = Debug|Any CPU
		{06B3609F-E8C7-465E-B6D1-5F27616BA4E6}.Debug|Any CPU.Build.0 = Debug|Any CPU
		{06B3609F-E8C7-465E-B6D1-5F27616BA4E6}.Debug|x64.ActiveCfg = Debug|Any CPU
		{06B3609F-E8C7-465E-B6D1-5F27616BA4E6}.Debug|x64.Build.0 = Debug|Any CPU
		{06B3609F-E8C7-465E-B6D1-5F27616BA4E6}.Debug|x86.ActiveCfg = Debug|Any CPU
		{06B3609F-E8C7-465E-B6D1-5F27616BA4E6}.Debug|x86.Build.0 = Debug|Any CPU
		{06B3609F-E8C7-465E-B6D1-5F27616BA4E6}.Release|Any CPU.ActiveCfg = Release|Any CPU
		{06B3609F-E8C7-465E-B6D1-5F27616BA4E6}.Release|Any CPU.Build.0 = Release|Any CPU
		{06B3609F-E8C7-465E-B6D1-5F27616BA4E6}.Release|x64.ActiveCfg = Release|Any CPU
		{06B3609F-E8C7-465E-B6D1-5F27616BA4E6}.Release|x64.Build.0 = Release|Any CPU
		{06B3609F-E8C7-465E-B6D1-5F27616BA4E6}.Release|x86.ActiveCfg = Release|Any CPU
		{06B3609F-E8C7-465E-B6D1-5F27616BA4E6}.Release|x86.Build.0 = Release|Any CPU
		{22D3C366-AAB4-4FE2-9C69-3FEAB4DD751B}.Debug|Any CPU.ActiveCfg = Debug|Any CPU
		{22D3C366-AAB4-4FE2-9C69-3FEAB4DD751B}.Debug|Any CPU.Build.0 = Debug|Any CPU
		{22D3C366-AAB4-4FE2-9C69-3FEAB4DD751B}.Debug|x64.ActiveCfg = Debug|Any CPU
		{22D3C366-AAB4-4FE2-9C69-3FEAB4DD751B}.Debug|x64.Build.0 = Debug|Any CPU
		{22D3C366-AAB4-4FE2-9C69-3FEAB4DD751B}.Debug|x86.ActiveCfg = Debug|Any CPU
		{22D3C366-AAB4-4FE2-9C69-3FEAB4DD751B}.Debug|x86.Build.0 = Debug|Any CPU
		{22D3C366-AAB4-4FE2-9C69-3FEAB4DD751B}.Release|Any CPU.ActiveCfg = Release|Any CPU
		{22D3C366-AAB4-4FE2-9C69-3FEAB4DD751B}.Release|Any CPU.Build.0 = Release|Any CPU
		{22D3C366-AAB4-4FE2-9C69-3FEAB4DD751B}.Release|x64.ActiveCfg = Release|Any CPU
		{22D3C366-AAB4-4FE2-9C69-3FEAB4DD751B}.Release|x64.Build.0 = Release|Any CPU
		{22D3C366-AAB4-4FE2-9C69-3FEAB4DD751B}.Release|x86.ActiveCfg = Release|Any CPU
		{22D3C366-AAB4-4FE2-9C69-3FEAB4DD751B}.Release|x86.Build.0 = Release|Any CPU
		{5E56A0D6-2785-4276-A718-8DB42C14F8CD}.Debug|Any CPU.ActiveCfg = Debug|Any CPU
		{5E56A0D6-2785-4276-A718-8DB42C14F8CD}.Debug|Any CPU.Build.0 = Debug|Any CPU
		{5E56A0D6-2785-4276-A718-8DB42C14F8CD}.Debug|x64.ActiveCfg = Debug|Any CPU
		{5E56A0D6-2785-4276-A718-8DB42C14F8CD}.Debug|x64.Build.0 = Debug|Any CPU
		{5E56A0D6-2785-4276-A718-8DB42C14F8CD}.Debug|x86.ActiveCfg = Debug|Any CPU
		{5E56A0D6-2785-4276-A718-8DB42C14F8CD}.Debug|x86.Build.0 = Debug|Any CPU
		{5E56A0D6-2785-4276-A718-8DB42C14F8CD}.Release|Any CPU.ActiveCfg = Release|Any CPU
		{5E56A0D6-2785-4276-A718-8DB42C14F8CD}.Release|Any CPU.Build.0 = Release|Any CPU
		{5E56A0D6-2785-4276-A718-8DB42C14F8CD}.Release|x64.ActiveCfg = Release|Any CPU
		{5E56A0D6-2785-4276-A718-8DB42C14F8CD}.Release|x64.Build.0 = Release|Any CPU
		{5E56A0D6-2785-4276-A718-8DB42C14F8CD}.Release|x86.ActiveCfg = Release|Any CPU
		{5E56A0D6-2785-4276-A718-8DB42C14F8CD}.Release|x86.Build.0 = Release|Any CPU
		{29A111F1-28C8-420D-B366-A9FA93BFC365}.Debug|Any CPU.ActiveCfg = Debug|Any CPU
		{29A111F1-28C8-420D-B366-A9FA93BFC365}.Debug|Any CPU.Build.0 = Debug|Any CPU
		{29A111F1-28C8-420D-B366-A9FA93BFC365}.Debug|x64.ActiveCfg = Debug|Any CPU
		{29A111F1-28C8-420D-B366-A9FA93BFC365}.Debug|x64.Build.0 = Debug|Any CPU
		{29A111F1-28C8-420D-B366-A9FA93BFC365}.Debug|x86.ActiveCfg = Debug|Any CPU
		{29A111F1-28C8-420D-B366-A9FA93BFC365}.Debug|x86.Build.0 = Debug|Any CPU
		{29A111F1-28C8-420D-B366-A9FA93BFC365}.Release|Any CPU.ActiveCfg = Release|Any CPU
		{29A111F1-28C8-420D-B366-A9FA93BFC365}.Release|Any CPU.Build.0 = Release|Any CPU
		{29A111F1-28C8-420D-B366-A9FA93BFC365}.Release|x64.ActiveCfg = Release|Any CPU
		{29A111F1-28C8-420D-B366-A9FA93BFC365}.Release|x64.Build.0 = Release|Any CPU
		{29A111F1-28C8-420D-B366-A9FA93BFC365}.Release|x86.ActiveCfg = Release|Any CPU
		{29A111F1-28C8-420D-B366-A9FA93BFC365}.Release|x86.Build.0 = Release|Any CPU
		{999231AB-84D3-42F8-ACA5-BBD935E87084}.Debug|Any CPU.ActiveCfg = Debug|Win32
		{999231AB-84D3-42F8-ACA5-BBD935E87084}.Debug|x64.ActiveCfg = Debug|x64
		{999231AB-84D3-42F8-ACA5-BBD935E87084}.Debug|x64.Build.0 = Debug|x64
		{999231AB-84D3-42F8-ACA5-BBD935E87084}.Debug|x86.ActiveCfg = Debug|Win32
		{999231AB-84D3-42F8-ACA5-BBD935E87084}.Debug|x86.Build.0 = Debug|Win32
		{999231AB-84D3-42F8-ACA5-BBD935E87084}.Release|Any CPU.ActiveCfg = Release|Win32
		{999231AB-84D3-42F8-ACA5-BBD935E87084}.Release|x64.ActiveCfg = Release|x64
		{999231AB-84D3-42F8-ACA5-BBD935E87084}.Release|x64.Build.0 = Release|x64
		{999231AB-84D3-42F8-ACA5-BBD935E87084}.Release|x86.ActiveCfg = Release|Win32
		{999231AB-84D3-42F8-ACA5-BBD935E87084}.Release|x86.Build.0 = Release|Win32
		{8A5598D5-DF78-4945-AB2B-D08F9D41D31F}.Debug|Any CPU.ActiveCfg = Debug|Win32
		{8A5598D5-DF78-4945-AB2B-D08F9D41D31F}.Debug|x64.ActiveCfg = Debug|x64
		{8A5598D5-DF78-4945-AB2B-D08F9D41D31F}.Debug|x64.Build.0 = Debug|x64
		{8A5598D5-DF78-4945-AB2B-D08F9D41D31F}.Debug|x86.ActiveCfg = Debug|Win32
		{8A5598D5-DF78-4945-AB2B-D08F9D41D31F}.Debug|x86.Build.0 = Debug|Win32
		{8A5598D5-DF78-4945-AB2B-D08F9D41D31F}.Release|Any CPU.ActiveCfg = Release|Win32
		{8A5598D5-DF78-4945-AB2B-D08F9D41D31F}.Release|x64.ActiveCfg = Release|x64
		{8A5598D5-DF78-4945-AB2B-D08F9D41D31F}.Release|x64.Build.0 = Release|x64
		{8A5598D5-DF78-4945-AB2B-D08F9D41D31F}.Release|x86.ActiveCfg = Release|Win32
		{8A5598D5-DF78-4945-AB2B-D08F9D41D31F}.Release|x86.Build.0 = Release|Win32
		{DF94EFC4-4A33-4C1D-B1D2-F27FF6F64309}.Debug|Any CPU.ActiveCfg = Debug|Any CPU
		{DF94EFC4-4A33-4C1D-B1D2-F27FF6F64309}.Debug|Any CPU.Build.0 = Debug|Any CPU
		{DF94EFC4-4A33-4C1D-B1D2-F27FF6F64309}.Debug|x64.ActiveCfg = Debug|Any CPU
		{DF94EFC4-4A33-4C1D-B1D2-F27FF6F64309}.Debug|x64.Build.0 = Debug|Any CPU
		{DF94EFC4-4A33-4C1D-B1D2-F27FF6F64309}.Debug|x86.ActiveCfg = Debug|Any CPU
		{DF94EFC4-4A33-4C1D-B1D2-F27FF6F64309}.Debug|x86.Build.0 = Debug|Any CPU
		{DF94EFC4-4A33-4C1D-B1D2-F27FF6F64309}.Release|Any CPU.ActiveCfg = Release|Any CPU
		{DF94EFC4-4A33-4C1D-B1D2-F27FF6F64309}.Release|Any CPU.Build.0 = Release|Any CPU
		{DF94EFC4-4A33-4C1D-B1D2-F27FF6F64309}.Release|x64.ActiveCfg = Release|Any CPU
		{DF94EFC4-4A33-4C1D-B1D2-F27FF6F64309}.Release|x64.Build.0 = Release|Any CPU
		{DF94EFC4-4A33-4C1D-B1D2-F27FF6F64309}.Release|x86.ActiveCfg = Release|Any CPU
		{DF94EFC4-4A33-4C1D-B1D2-F27FF6F64309}.Release|x86.Build.0 = Release|Any CPU
		{CF8F4619-7685-4DEE-A5FD-D6A112D95C44}.Debug|Any CPU.ActiveCfg = Debug|Any CPU
		{CF8F4619-7685-4DEE-A5FD-D6A112D95C44}.Debug|Any CPU.Build.0 = Debug|Any CPU
		{CF8F4619-7685-4DEE-A5FD-D6A112D95C44}.Debug|x64.ActiveCfg = Debug|Any CPU
		{CF8F4619-7685-4DEE-A5FD-D6A112D95C44}.Debug|x64.Build.0 = Debug|Any CPU
		{CF8F4619-7685-4DEE-A5FD-D6A112D95C44}.Debug|x86.ActiveCfg = Debug|Any CPU
		{CF8F4619-7685-4DEE-A5FD-D6A112D95C44}.Debug|x86.Build.0 = Debug|Any CPU
		{CF8F4619-7685-4DEE-A5FD-D6A112D95C44}.Release|Any CPU.ActiveCfg = Release|Any CPU
		{CF8F4619-7685-4DEE-A5FD-D6A112D95C44}.Release|Any CPU.Build.0 = Release|Any CPU
		{CF8F4619-7685-4DEE-A5FD-D6A112D95C44}.Release|x64.ActiveCfg = Release|Any CPU
		{CF8F4619-7685-4DEE-A5FD-D6A112D95C44}.Release|x64.Build.0 = Release|Any CPU
		{CF8F4619-7685-4DEE-A5FD-D6A112D95C44}.Release|x86.ActiveCfg = Release|Any CPU
		{CF8F4619-7685-4DEE-A5FD-D6A112D95C44}.Release|x86.Build.0 = Release|Any CPU
		{4A51FCF9-0292-4279-87F2-10ADE884A076}.Debug|Any CPU.ActiveCfg = Debug|Any CPU
		{4A51FCF9-0292-4279-87F2-10ADE884A076}.Debug|Any CPU.Build.0 = Debug|Any CPU
		{4A51FCF9-0292-4279-87F2-10ADE884A076}.Debug|x64.ActiveCfg = Debug|Any CPU
		{4A51FCF9-0292-4279-87F2-10ADE884A076}.Debug|x64.Build.0 = Debug|Any CPU
		{4A51FCF9-0292-4279-87F2-10ADE884A076}.Debug|x86.ActiveCfg = Debug|Any CPU
		{4A51FCF9-0292-4279-87F2-10ADE884A076}.Debug|x86.Build.0 = Debug|Any CPU
		{4A51FCF9-0292-4279-87F2-10ADE884A076}.Release|Any CPU.ActiveCfg = Release|Any CPU
		{4A51FCF9-0292-4279-87F2-10ADE884A076}.Release|Any CPU.Build.0 = Release|Any CPU
		{4A51FCF9-0292-4279-87F2-10ADE884A076}.Release|x64.ActiveCfg = Release|Any CPU
		{4A51FCF9-0292-4279-87F2-10ADE884A076}.Release|x64.Build.0 = Release|Any CPU
		{4A51FCF9-0292-4279-87F2-10ADE884A076}.Release|x86.ActiveCfg = Release|Any CPU
		{4A51FCF9-0292-4279-87F2-10ADE884A076}.Release|x86.Build.0 = Release|Any CPU
		{1B3CBFD2-D322-43C0-806C-3885A96ECB62}.Debug|Any CPU.ActiveCfg = Debug|Any CPU
		{1B3CBFD2-D322-43C0-806C-3885A96ECB62}.Debug|Any CPU.Build.0 = Debug|Any CPU
		{1B3CBFD2-D322-43C0-806C-3885A96ECB62}.Debug|x64.ActiveCfg = Debug|Any CPU
		{1B3CBFD2-D322-43C0-806C-3885A96ECB62}.Debug|x64.Build.0 = Debug|Any CPU
		{1B3CBFD2-D322-43C0-806C-3885A96ECB62}.Debug|x86.ActiveCfg = Debug|Any CPU
		{1B3CBFD2-D322-43C0-806C-3885A96ECB62}.Debug|x86.Build.0 = Debug|Any CPU
		{1B3CBFD2-D322-43C0-806C-3885A96ECB62}.Release|Any CPU.ActiveCfg = Release|Any CPU
		{1B3CBFD2-D322-43C0-806C-3885A96ECB62}.Release|Any CPU.Build.0 = Release|Any CPU
		{1B3CBFD2-D322-43C0-806C-3885A96ECB62}.Release|x64.ActiveCfg = Release|Any CPU
		{1B3CBFD2-D322-43C0-806C-3885A96ECB62}.Release|x64.Build.0 = Release|Any CPU
		{1B3CBFD2-D322-43C0-806C-3885A96ECB62}.Release|x86.ActiveCfg = Release|Any CPU
		{1B3CBFD2-D322-43C0-806C-3885A96ECB62}.Release|x86.Build.0 = Release|Any CPU
		{DCCC8F67-9865-47D7-9DEB-EC2C2509A793}.Debug|Any CPU.ActiveCfg = Debug|Any CPU
		{DCCC8F67-9865-47D7-9DEB-EC2C2509A793}.Debug|Any CPU.Build.0 = Debug|Any CPU
		{DCCC8F67-9865-47D7-9DEB-EC2C2509A793}.Debug|x64.ActiveCfg = Debug|Any CPU
		{DCCC8F67-9865-47D7-9DEB-EC2C2509A793}.Debug|x64.Build.0 = Debug|Any CPU
		{DCCC8F67-9865-47D7-9DEB-EC2C2509A793}.Debug|x86.ActiveCfg = Debug|Any CPU
		{DCCC8F67-9865-47D7-9DEB-EC2C2509A793}.Debug|x86.Build.0 = Debug|Any CPU
		{DCCC8F67-9865-47D7-9DEB-EC2C2509A793}.Release|Any CPU.ActiveCfg = Release|Any CPU
		{DCCC8F67-9865-47D7-9DEB-EC2C2509A793}.Release|Any CPU.Build.0 = Release|Any CPU
		{DCCC8F67-9865-47D7-9DEB-EC2C2509A793}.Release|x64.ActiveCfg = Release|Any CPU
		{DCCC8F67-9865-47D7-9DEB-EC2C2509A793}.Release|x64.Build.0 = Release|Any CPU
		{DCCC8F67-9865-47D7-9DEB-EC2C2509A793}.Release|x86.ActiveCfg = Release|Any CPU
		{DCCC8F67-9865-47D7-9DEB-EC2C2509A793}.Release|x86.Build.0 = Release|Any CPU
		{04EDC4B0-E4F3-4EB8-B938-638CC0F75864}.Debug|Any CPU.ActiveCfg = Debug|Any CPU
		{04EDC4B0-E4F3-4EB8-B938-638CC0F75864}.Debug|Any CPU.Build.0 = Debug|Any CPU
		{04EDC4B0-E4F3-4EB8-B938-638CC0F75864}.Debug|x64.ActiveCfg = Debug|Any CPU
		{04EDC4B0-E4F3-4EB8-B938-638CC0F75864}.Debug|x64.Build.0 = Debug|Any CPU
		{04EDC4B0-E4F3-4EB8-B938-638CC0F75864}.Debug|x86.ActiveCfg = Debug|Any CPU
		{04EDC4B0-E4F3-4EB8-B938-638CC0F75864}.Debug|x86.Build.0 = Debug|Any CPU
		{04EDC4B0-E4F3-4EB8-B938-638CC0F75864}.Release|Any CPU.ActiveCfg = Release|Any CPU
		{04EDC4B0-E4F3-4EB8-B938-638CC0F75864}.Release|Any CPU.Build.0 = Release|Any CPU
		{04EDC4B0-E4F3-4EB8-B938-638CC0F75864}.Release|x64.ActiveCfg = Release|Any CPU
		{04EDC4B0-E4F3-4EB8-B938-638CC0F75864}.Release|x64.Build.0 = Release|Any CPU
		{04EDC4B0-E4F3-4EB8-B938-638CC0F75864}.Release|x86.ActiveCfg = Release|Any CPU
		{04EDC4B0-E4F3-4EB8-B938-638CC0F75864}.Release|x86.Build.0 = Release|Any CPU
	EndGlobalSection
	GlobalSection(SolutionProperties) = preSolution
		HideSolutionNode = FALSE
	EndGlobalSection
	GlobalSection(ExtensibilityGlobals) = postSolution
		SolutionGuid = {31EDCD0D-AA16-44E9-A0F2-8DD72BCB009A}
	EndGlobalSection
EndGlobal
