
Microsoft Visual Studio Solution File, Format Version 12.00
# Visual Studio 15
VisualStudioVersion = 15.0.28010.2003
MinimumVisualStudioVersion = 10.0.40219.1
Project("{FAE04EC0-301F-11D3-BF4B-00C04F79EFBC}") = "FrameIO", "FrameIO.csproj", "{06B3609F-E8C7-465E-B6D1-5F27616BA4E6}"
	ProjectSection(ProjectDependencies) = postProject
		{F4F37E33-C1D6-49D4-B05F-1B98A0395828} = {F4F37E33-C1D6-49D4-B05F-1B98A0395828}
		{EEEF0D71-5A3A-4E46-AFFF-74CD55CFA394} = {EEEF0D71-5A3A-4E46-AFFF-74CD55CFA394}
	EndProjectSection
EndProject
Project("{FAE04EC0-301F-11D3-BF4B-00C04F79EFBC}") = "FrameIOInterface", "..\FrameIOInterface\FrameIOInterface.csproj", "{22D3C366-AAB4-4FE2-9C69-3FEAB4DD751B}"
EndProject
Project("{8BC9CEB8-8B4A-11D0-8D11-00A0C91BC942}") = "CRC", "..\CRC\CRC.vcxproj", "{5308178A-55EF-4F71-B77E-61D839BC09A4}"
EndProject
Project("{8BC9CEB8-8B4A-11D0-8D11-00A0C91BC942}") = "FrameIOParser", "..\FrameIOParser\FrameIOParser.vcxproj", "{8A5598D5-DF78-4945-AB2B-D08F9D41D31F}"
EndProject
Project("{FAE04EC0-301F-11D3-BF4B-00C04F79EFBC}") = "FrameIODriver", "..\FrameIODriver\FrameIODriver.csproj", "{DCCC8F67-9865-47D7-9DEB-EC2C2509A793}"
EndProject
Project("{8BC9CEB8-8B4A-11D0-8D11-00A0C91BC942}") = "FrameIORunX", "..\FrameIORunX\FrameIORunX.vcxproj", "{F875A934-B44F-4795-AC21-7D80E1592928}"
EndProject
Project("{FAE04EC0-301F-11D3-BF4B-00C04F79EFBC}") = "FrameIORunNetTest", "..\FrameIORunNetTest\FrameIORunNetTest.csproj", "{F316F0B4-8893-431C-AFC2-CC07FB48C2EA}"
EndProject
Project("{FAE04EC0-301F-11D3-BF4B-00C04F79EFBC}") = "FrameIORun", "..\FrameIORun\FrameIORun.csproj", "{F4F37E33-C1D6-49D4-B05F-1B98A0395828}"
EndProject
Project("{FAE04EC0-301F-11D3-BF4B-00C04F79EFBC}") = "FrameIORunNet", "..\FrameIORunNet\FrameIORunNet.csproj", "{EEEF0D71-5A3A-4E46-AFFF-74CD55CFA394}"
EndProject
Project("{FAE04EC0-301F-11D3-BF4B-00C04F79EFBC}") = "FrameIOEditor", "..\FrameIOEditor\FrameIOEditor.csproj", "{E1712A0F-EC1C-46D1-A078-45D39EA7AC3E}"
EndProject
Project("{FAE04EC0-301F-11D3-BF4B-00C04F79EFBC}") = "FrameIOUintTester", "..\FrameIOUintTester\FrameIOUintTester.csproj", "{04EDC4B0-E4F3-4EB8-B938-638CC0F75864}"
EndProject
Global
	GlobalSection(SolutionConfigurationPlatforms) = preSolution
		Debug|Any CPU = Debug|Any CPU
		Debug|x64 = Debug|x64
		Debug|x86 = Debug|x86
		Release|Any CPU = Release|Any CPU
		Release|x64 = Release|x64
		Release|x86 = Release|x86
	EndGlobalSection
	GlobalSection(ProjectConfigurationPlatforms) = postSolution
		{06B3609F-E8C7-465E-B6D1-5F27616BA4E6}.Debug|Any CPU.ActiveCfg = Debug|Any CPU
		{06B3609F-E8C7-465E-B6D1-5F27616BA4E6}.Debug|Any CPU.Build.0 = Debug|Any CPU
		{06B3609F-E8C7-465E-B6D1-5F27616BA4E6}.Debug|x64.ActiveCfg = Debug|Any CPU
		{06B3609F-E8C7-465E-B6D1-5F27616BA4E6}.Debug|x64.Build.0 = Debug|Any CPU
		{06B3609F-E8C7-465E-B6D1-5F27616BA4E6}.Debug|x86.ActiveCfg = Debug|Any CPU
		{06B3609F-E8C7-465E-B6D1-5F27616BA4E6}.Debug|x86.Build.0 = Debug|Any CPU
		{06B3609F-E8C7-465E-B6D1-5F27616BA4E6}.Release|Any CPU.ActiveCfg = Release|Any CPU
		{06B3609F-E8C7-465E-B6D1-5F27616BA4E6}.Release|Any CPU.Build.0 = Release|Any CPU
		{06B3609F-E8C7-465E-B6D1-5F27616BA4E6}.Release|x64.ActiveCfg = Release|Any CPU
		{06B3609F-E8C7-465E-B6D1-5F27616BA4E6}.Release|x64.Build.0 = Release|Any CPU
		{06B3609F-E8C7-465E-B6D1-5F27616BA4E6}.Release|x86.ActiveCfg = Release|Any CPU
		{06B3609F-E8C7-465E-B6D1-5F27616BA4E6}.Release|x86.Build.0 = Release|Any CPU
		{22D3C366-AAB4-4FE2-9C69-3FEAB4DD751B}.Debug|Any CPU.ActiveCfg = Debug|Any CPU
		{22D3C366-AAB4-4FE2-9C69-3FEAB4DD751B}.Debug|Any CPU.Build.0 = Debug|Any CPU
		{22D3C366-AAB4-4FE2-9C69-3FEAB4DD751B}.Debug|x64.ActiveCfg = Debug|Any CPU
		{22D3C366-AAB4-4FE2-9C69-3FEAB4DD751B}.Debug|x64.Build.0 = Debug|Any CPU
		{22D3C366-AAB4-4FE2-9C69-3FEAB4DD751B}.Debug|x86.ActiveCfg = Debug|Any CPU
		{22D3C366-AAB4-4FE2-9C69-3FEAB4DD751B}.Debug|x86.Build.0 = Debug|Any CPU
		{22D3C366-AAB4-4FE2-9C69-3FEAB4DD751B}.Release|Any CPU.ActiveCfg = Release|Any CPU
		{22D3C366-AAB4-4FE2-9C69-3FEAB4DD751B}.Release|Any CPU.Build.0 = Release|Any CPU
		{22D3C366-AAB4-4FE2-9C69-3FEAB4DD751B}.Release|x64.ActiveCfg = Release|Any CPU
		{22D3C366-AAB4-4FE2-9C69-3FEAB4DD751B}.Release|x64.Build.0 = Release|Any CPU
		{22D3C366-AAB4-4FE2-9C69-3FEAB4DD751B}.Release|x86.ActiveCfg = Release|Any CPU
		{22D3C366-AAB4-4FE2-9C69-3FEAB4DD751B}.Release|x86.Build.0 = Release|Any CPU
		{5308178A-55EF-4F71-B77E-61D839BC09A4}.Debug|Any CPU.ActiveCfg = Debug|Win32
		{5308178A-55EF-4F71-B77E-61D839BC09A4}.Debug|x64.ActiveCfg = Debug|x64
		{5308178A-55EF-4F71-B77E-61D839BC09A4}.Debug|x64.Build.0 = Debug|x64
		{5308178A-55EF-4F71-B77E-61D839BC09A4}.Debug|x86.ActiveCfg = Debug|Win32
		{5308178A-55EF-4F71-B77E-61D839BC09A4}.Debug|x86.Build.0 = Debug|Win32
		{5308178A-55EF-4F71-B77E-61D839BC09A4}.Release|Any CPU.ActiveCfg = Release|Win32
		{5308178A-55EF-4F71-B77E-61D839BC09A4}.Release|x64.ActiveCfg = Release|x64
		{5308178A-55EF-4F71-B77E-61D839BC09A4}.Release|x64.Build.0 = Release|x64
		{5308178A-55EF-4F71-B77E-61D839BC09A4}.Release|x86.ActiveCfg = Release|Win32
		{5308178A-55EF-4F71-B77E-61D839BC09A4}.Release|x86.Build.0 = Release|Win32
		{8A5598D5-DF78-4945-AB2B-D08F9D41D31F}.Debug|Any CPU.ActiveCfg = Debug|Win32
		{8A5598D5-DF78-4945-AB2B-D08F9D41D31F}.Debug|x64.ActiveCfg = Debug|x64
		{8A5598D5-DF78-4945-AB2B-D08F9D41D31F}.Debug|x64.Build.0 = Debug|x64
		{8A5598D5-DF78-4945-AB2B-D08F9D41D31F}.Debug|x86.ActiveCfg = Debug|Win32
		{8A5598D5-DF78-4945-AB2B-D08F9D41D31F}.Debug|x86.Build.0 = Debug|Win32
		{8A5598D5-DF78-4945-AB2B-D08F9D41D31F}.Release|Any CPU.ActiveCfg = Release|Win32
		{8A5598D5-DF78-4945-AB2B-D08F9D41D31F}.Release|x64.ActiveCfg = Release|x64
		{8A5598D5-DF78-4945-AB2B-D08F9D41D31F}.Release|x64.Build.0 = Release|x64
		{8A5598D5-DF78-4945-AB2B-D08F9D41D31F}.Release|x86.ActiveCfg = Release|Win32
		{8A5598D5-DF78-4945-AB2B-D08F9D41D31F}.Release|x86.Build.0 = Release|Win32
		{DCCC8F67-9865-47D7-9DEB-EC2C2509A793}.Debug|Any CPU.ActiveCfg = Debug|Any CPU
		{DCCC8F67-9865-47D7-9DEB-EC2C2509A793}.Debug|Any CPU.Build.0 = Debug|Any CPU
		{DCCC8F67-9865-47D7-9DEB-EC2C2509A793}.Debug|x64.ActiveCfg = Debug|Any CPU
		{DCCC8F67-9865-47D7-9DEB-EC2C2509A793}.Debug|x64.Build.0 = Debug|Any CPU
		{DCCC8F67-9865-47D7-9DEB-EC2C2509A793}.Debug|x86.ActiveCfg = Debug|Any CPU
		{DCCC8F67-9865-47D7-9DEB-EC2C2509A793}.Debug|x86.Build.0 = Debug|Any CPU
		{DCCC8F67-9865-47D7-9DEB-EC2C2509A793}.Release|Any CPU.ActiveCfg = Release|Any CPU
		{DCCC8F67-9865-47D7-9DEB-EC2C2509A793}.Release|Any CPU.Build.0 = Release|Any CPU
		{DCCC8F67-9865-47D7-9DEB-EC2C2509A793}.Release|x64.ActiveCfg = Release|Any CPU
		{DCCC8F67-9865-47D7-9DEB-EC2C2509A793}.Release|x64.Build.0 = Release|Any CPU
		{DCCC8F67-9865-47D7-9DEB-EC2C2509A793}.Release|x86.ActiveCfg = Release|Any CPU
		{DCCC8F67-9865-47D7-9DEB-EC2C2509A793}.Release|x86.Build.0 = Release|Any CPU
		{F875A934-B44F-4795-AC21-7D80E1592928}.Debug|Any CPU.ActiveCfg = Debug|Win32
		{F875A934-B44F-4795-AC21-7D80E1592928}.Debug|x64.ActiveCfg = Debug|x64
		{F875A934-B44F-4795-AC21-7D80E1592928}.Debug|x64.Build.0 = Debug|x64
		{F875A934-B44F-4795-AC21-7D80E1592928}.Debug|x86.ActiveCfg = Debug|Win32
		{F875A934-B44F-4795-AC21-7D80E1592928}.Debug|x86.Build.0 = Debug|Win32
		{F875A934-B44F-4795-AC21-7D80E1592928}.Release|Any CPU.ActiveCfg = Release|Win32
		{F875A934-B44F-4795-AC21-7D80E1592928}.Release|x64.ActiveCfg = Release|x64
		{F875A934-B44F-4795-AC21-7D80E1592928}.Release|x64.Build.0 = Release|x64
		{F875A934-B44F-4795-AC21-7D80E1592928}.Release|x86.ActiveCfg = Release|Win32
		{F875A934-B44F-4795-AC21-7D80E1592928}.Release|x86.Build.0 = Release|Win32
		{F316F0B4-8893-431C-AFC2-CC07FB48C2EA}.Debug|Any CPU.ActiveCfg = Debug|Any CPU
		{F316F0B4-8893-431C-AFC2-CC07FB48C2EA}.Debug|Any CPU.Build.0 = Debug|Any CPU
		{F316F0B4-8893-431C-AFC2-CC07FB48C2EA}.Debug|x64.ActiveCfg = Debug|Any CPU
		{F316F0B4-8893-431C-AFC2-CC07FB48C2EA}.Debug|x64.Build.0 = Debug|Any CPU
		{F316F0B4-8893-431C-AFC2-CC07FB48C2EA}.Debug|x86.ActiveCfg = Debug|Any CPU
		{F316F0B4-8893-431C-AFC2-CC07FB48C2EA}.Debug|x86.Build.0 = Debug|Any CPU
		{F316F0B4-8893-431C-AFC2-CC07FB48C2EA}.Release|Any CPU.ActiveCfg = Release|Any CPU
		{F316F0B4-8893-431C-AFC2-CC07FB48C2EA}.Release|Any CPU.Build.0 = Release|Any CPU
		{F316F0B4-8893-431C-AFC2-CC07FB48C2EA}.Release|x64.ActiveCfg = Release|Any CPU
		{F316F0B4-8893-431C-AFC2-CC07FB48C2EA}.Release|x64.Build.0 = Release|Any CPU
		{F316F0B4-8893-431C-AFC2-CC07FB48C2EA}.Release|x86.ActiveCfg = Release|Any CPU
		{F316F0B4-8893-431C-AFC2-CC07FB48C2EA}.Release|x86.Build.0 = Release|Any CPU
		{F4F37E33-C1D6-49D4-B05F-1B98A0395828}.Debug|Any CPU.ActiveCfg = Debug|Any CPU
		{F4F37E33-C1D6-49D4-B05F-1B98A0395828}.Debug|Any CPU.Build.0 = Debug|Any CPU
		{F4F37E33-C1D6-49D4-B05F-1B98A0395828}.Debug|x64.ActiveCfg = Debug|Any CPU
		{F4F37E33-C1D6-49D4-B05F-1B98A0395828}.Debug|x64.Build.0 = Debug|Any CPU
		{F4F37E33-C1D6-49D4-B05F-1B98A0395828}.Debug|x86.ActiveCfg = Debug|Any CPU
		{F4F37E33-C1D6-49D4-B05F-1B98A0395828}.Debug|x86.Build.0 = Debug|Any CPU
		{F4F37E33-C1D6-49D4-B05F-1B98A0395828}.Release|Any CPU.ActiveCfg = Release|Any CPU
		{F4F37E33-C1D6-49D4-B05F-1B98A0395828}.Release|Any CPU.Build.0 = Release|Any CPU
		{F4F37E33-C1D6-49D4-B05F-1B98A0395828}.Release|x64.ActiveCfg = Release|Any CPU
		{F4F37E33-C1D6-49D4-B05F-1B98A0395828}.Release|x64.Build.0 = Release|Any CPU
		{F4F37E33-C1D6-49D4-B05F-1B98A0395828}.Release|x86.ActiveCfg = Release|Any CPU
		{F4F37E33-C1D6-49D4-B05F-1B98A0395828}.Release|x86.Build.0 = Release|Any CPU
		{EEEF0D71-5A3A-4E46-AFFF-74CD55CFA394}.Debug|Any CPU.ActiveCfg = Debug|Any CPU
		{EEEF0D71-5A3A-4E46-AFFF-74CD55CFA394}.Debug|Any CPU.Build.0 = Debug|Any CPU
		{EEEF0D71-5A3A-4E46-AFFF-74CD55CFA394}.Debug|x64.ActiveCfg = Debug|Any CPU
		{EEEF0D71-5A3A-4E46-AFFF-74CD55CFA394}.Debug|x64.Build.0 = Debug|Any CPU
		{EEEF0D71-5A3A-4E46-AFFF-74CD55CFA394}.Debug|x86.ActiveCfg = Debug|Any CPU
		{EEEF0D71-5A3A-4E46-AFFF-74CD55CFA394}.Debug|x86.Build.0 = Debug|Any CPU
		{EEEF0D71-5A3A-4E46-AFFF-74CD55CFA394}.Release|Any CPU.ActiveCfg = Release|Any CPU
		{EEEF0D71-5A3A-4E46-AFFF-74CD55CFA394}.Release|Any CPU.Build.0 = Release|Any CPU
		{EEEF0D71-5A3A-4E46-AFFF-74CD55CFA394}.Release|x64.ActiveCfg = Release|Any CPU
		{EEEF0D71-5A3A-4E46-AFFF-74CD55CFA394}.Release|x64.Build.0 = Release|Any CPU
		{EEEF0D71-5A3A-4E46-AFFF-74CD55CFA394}.Release|x86.ActiveCfg = Release|Any CPU
		{EEEF0D71-5A3A-4E46-AFFF-74CD55CFA394}.Release|x86.Build.0 = Release|Any CPU
		{E1712A0F-EC1C-46D1-A078-45D39EA7AC3E}.Debug|Any CPU.ActiveCfg = Debug|Any CPU
		{E1712A0F-EC1C-46D1-A078-45D39EA7AC3E}.Debug|Any CPU.Build.0 = Debug|Any CPU
		{E1712A0F-EC1C-46D1-A078-45D39EA7AC3E}.Debug|x64.ActiveCfg = Debug|Any CPU
		{E1712A0F-EC1C-46D1-A078-45D39EA7AC3E}.Debug|x64.Build.0 = Debug|Any CPU
		{E1712A0F-EC1C-46D1-A078-45D39EA7AC3E}.Debug|x86.ActiveCfg = Debug|Any CPU
		{E1712A0F-EC1C-46D1-A078-45D39EA7AC3E}.Debug|x86.Build.0 = Debug|Any CPU
		{E1712A0F-EC1C-46D1-A078-45D39EA7AC3E}.Release|Any CPU.ActiveCfg = Release|Any CPU
		{E1712A0F-EC1C-46D1-A078-45D39EA7AC3E}.Release|Any CPU.Build.0 = Release|Any CPU
		{E1712A0F-EC1C-46D1-A078-45D39EA7AC3E}.Release|x64.ActiveCfg = Release|Any CPU
		{E1712A0F-EC1C-46D1-A078-45D39EA7AC3E}.Release|x64.Build.0 = Release|Any CPU
		{E1712A0F-EC1C-46D1-A078-45D39EA7AC3E}.Release|x86.ActiveCfg = Release|Any CPU
		{E1712A0F-EC1C-46D1-A078-45D39EA7AC3E}.Release|x86.Build.0 = Release|Any CPU
		{04EDC4B0-E4F3-4EB8-B938-638CC0F75864}.Debug|Any CPU.ActiveCfg = Debug|Any CPU
		{04EDC4B0-E4F3-4EB8-B938-638CC0F75864}.Debug|Any CPU.Build.0 = Debug|Any CPU
		{04EDC4B0-E4F3-4EB8-B938-638CC0F75864}.Debug|x64.ActiveCfg = Debug|Any CPU
		{04EDC4B0-E4F3-4EB8-B938-638CC0F75864}.Debug|x64.Build.0 = Debug|Any CPU
		{04EDC4B0-E4F3-4EB8-B938-638CC0F75864}.Debug|x86.ActiveCfg = Debug|Any CPU
		{04EDC4B0-E4F3-4EB8-B938-638CC0F75864}.Debug|x86.Build.0 = Debug|Any CPU
		{04EDC4B0-E4F3-4EB8-B938-638CC0F75864}.Release|Any CPU.ActiveCfg = Release|Any CPU
		{04EDC4B0-E4F3-4EB8-B938-638CC0F75864}.Release|Any CPU.Build.0 = Release|Any CPU
		{04EDC4B0-E4F3-4EB8-B938-638CC0F75864}.Release|x64.ActiveCfg = Release|Any CPU
		{04EDC4B0-E4F3-4EB8-B938-638CC0F75864}.Release|x64.Build.0 = Release|Any CPU
		{04EDC4B0-E4F3-4EB8-B938-638CC0F75864}.Release|x86.ActiveCfg = Release|Any CPU
		{04EDC4B0-E4F3-4EB8-B938-638CC0F75864}.Release|x86.Build.0 = Release|Any CPU
	EndGlobalSection
	GlobalSection(SolutionProperties) = preSolution
		HideSolutionNode = FALSE
	EndGlobalSection
	GlobalSection(ExtensibilityGlobals) = postSolution
		SolutionGuid = {31EDCD0D-AA16-44E9-A0F2-8DD72BCB009A}
	EndGlobalSection
EndGlobal
